// !$*UTF8*$!
{
	archiveVersion = 1;
	classes = {
	};
	objectVersion = 52;
	objects = {

/* Begin PBXBuildFile section */
		1E8E712C24B01BC7006380B6 /* AppDelegate.swift in Sources */ = {isa = PBXBuildFile; fileRef = 1E8E712B24B01BC7006380B6 /* AppDelegate.swift */; };
		1E8E712E24B01BC7006380B6 /* SceneDelegate.swift in Sources */ = {isa = PBXBuildFile; fileRef = 1E8E712D24B01BC7006380B6 /* SceneDelegate.swift */; };
		1E8E713024B01BC7006380B6 /* ContentView.swift in Sources */ = {isa = PBXBuildFile; fileRef = 1E8E712F24B01BC7006380B6 /* ContentView.swift */; };
		1E8E713224B01BC9006380B6 /* Assets.xcassets in Resources */ = {isa = PBXBuildFile; fileRef = 1E8E713124B01BC9006380B6 /* Assets.xcassets */; };
		1E8E713524B01BC9006380B6 /* Preview Assets.xcassets in Resources */ = {isa = PBXBuildFile; fileRef = 1E8E713424B01BC9006380B6 /* Preview Assets.xcassets */; };
		1E8E713824B01BC9006380B6 /* LaunchScreen.storyboard in Resources */ = {isa = PBXBuildFile; fileRef = 1E8E713624B01BC9006380B6 /* LaunchScreen.storyboard */; };
		1E8E714024B01BE9006380B6 /* ListView.swift in Sources */ = {isa = PBXBuildFile; fileRef = 1E8E713F24B01BE9006380B6 /* ListView.swift */; };
		1E8E714324B01C29006380B6 /* Introspect in Frameworks */ = {isa = PBXBuildFile; productRef = 1E8E714224B01C29006380B6 /* Introspect */; };
/* End PBXBuildFile section */

/* Begin PBXFileReference section */
		1E8E712824B01BC7006380B6 /* SwiftUI Internals.app */ = {isa = PBXFileReference; explicitFileType = wrapper.application; includeInIndex = 0; path = "SwiftUI Internals.app"; sourceTree = BUILT_PRODUCTS_DIR; };
		1E8E712B24B01BC7006380B6 /* AppDelegate.swift */ = {isa = PBXFileReference; lastKnownFileType = sourcecode.swift; path = AppDelegate.swift; sourceTree = "<group>"; };
		1E8E712D24B01BC7006380B6 /* SceneDelegate.swift */ = {isa = PBXFileReference; lastKnownFileType = sourcecode.swift; path = SceneDelegate.swift; sourceTree = "<group>"; };
		1E8E712F24B01BC7006380B6 /* ContentView.swift */ = {isa = PBXFileReference; lastKnownFileType = sourcecode.swift; path = ContentView.swift; sourceTree = "<group>"; };
		1E8E713124B01BC9006380B6 /* Assets.xcassets */ = {isa = PBXFileReference; lastKnownFileType = folder.assetcatalog; path = Assets.xcassets; sourceTree = "<group>"; };
		1E8E713424B01BC9006380B6 /* Preview Assets.xcassets */ = {isa = PBXFileReference; lastKnownFileType = folder.assetcatalog; path = "Preview Assets.xcassets"; sourceTree = "<group>"; };
		1E8E713724B01BC9006380B6 /* Base */ = {isa = PBXFileReference; lastKnownFileType = file.storyboard; name = Base; path = Base.lproj/LaunchScreen.storyboard; sourceTree = "<group>"; };
		1E8E713924B01BC9006380B6 /* Info.plist */ = {isa = PBXFileReference; lastKnownFileType = text.plist.xml; path = Info.plist; sourceTree = "<group>"; };
		1E8E713F24B01BE9006380B6 /* ListView.swift */ = {isa = PBXFileReference; lastKnownFileType = sourcecode.swift; path = ListView.swift; sourceTree = "<group>"; };
/* End PBXFileReference section */

/* Begin PBXFrameworksBuildPhase section */
		1E8E712524B01BC7006380B6 /* Frameworks */ = {
			isa = PBXFrameworksBuildPhase;
			buildActionMask = 2147483647;
			files = (
				1E8E714324B01C29006380B6 /* Introspect in Frameworks */,
			);
			runOnlyForDeploymentPostprocessing = 0;
		};
/* End PBXFrameworksBuildPhase section */

/* Begin PBXGroup section */
		1E8E711F24B01BC7006380B6 = {
			isa = PBXGroup;
			children = (
				1E8E712A24B01BC7006380B6 /* SwiftUI Internals */,
				1E8E712924B01BC7006380B6 /* Products */,
			);
			sourceTree = "<group>";
		};
		1E8E712924B01BC7006380B6 /* Products */ = {
			isa = PBXGroup;
			children = (
				1E8E712824B01BC7006380B6 /* SwiftUI Internals.app */,
			);
			name = Products;
			sourceTree = "<group>";
		};
		1E8E712A24B01BC7006380B6 /* SwiftUI Internals */ = {
			isa = PBXGroup;
			children = (
				1E8E712B24B01BC7006380B6 /* AppDelegate.swift */,
				1E8E712D24B01BC7006380B6 /* SceneDelegate.swift */,
				1E8E712F24B01BC7006380B6 /* ContentView.swift */,
				1E8E713F24B01BE9006380B6 /* ListView.swift */,
				1E8E713124B01BC9006380B6 /* Assets.xcassets */,
				1E8E713624B01BC9006380B6 /* LaunchScreen.storyboard */,
				1E8E713924B01BC9006380B6 /* Info.plist */,
				1E8E713324B01BC9006380B6 /* Preview Content */,
			);
			path = "SwiftUI Internals";
			sourceTree = "<group>";
		};
		1E8E713324B01BC9006380B6 /* Preview Content */ = {
			isa = PBXGroup;
			children = (
				1E8E713424B01BC9006380B6 /* Preview Assets.xcassets */,
			);
			path = "Preview Content";
			sourceTree = "<group>";
		};
/* End PBXGroup section */

/* Begin PBXNativeTarget section */
		1E8E712724B01BC7006380B6 /* SwiftUI Internals */ = {
			isa = PBXNativeTarget;
			buildConfigurationList = 1E8E713C24B01BC9006380B6 /* Build configuration list for PBXNativeTarget "SwiftUI Internals" */;
			buildPhases = (
				1E8E712424B01BC7006380B6 /* Sources */,
				1E8E712524B01BC7006380B6 /* Frameworks */,
				1E8E712624B01BC7006380B6 /* Resources */,
			);
			buildRules = (
			);
			dependencies = (
			);
			name = "SwiftUI Internals";
			packageProductDependencies = (
				1E8E714224B01C29006380B6 /* Introspect */,
			);
			productName = "SwiftUI Internals";
			productReference = 1E8E712824B01BC7006380B6 /* SwiftUI Internals.app */;
			productType = "com.apple.product-type.application";
		};
/* End PBXNativeTarget section */

/* Begin PBXProject section */
		1E8E712024B01BC7006380B6 /* Project object */ = {
			isa = PBXProject;
			attributes = {
				LastSwiftUpdateCheck = 1150;
				LastUpgradeCheck = 1150;
				ORGANIZATIONNAME = "Kevin Li";
				TargetAttributes = {
					1E8E712724B01BC7006380B6 = {
						CreatedOnToolsVersion = 11.5;
					};
				};
			};
			buildConfigurationList = 1E8E712324B01BC7006380B6 /* Build configuration list for PBXProject "SwiftUI Internals" */;
			compatibilityVersion = "Xcode 9.3";
			developmentRegion = en;
			hasScannedForEncodings = 0;
			knownRegions = (
				en,
				Base,
			);
			mainGroup = 1E8E711F24B01BC7006380B6;
			packageReferences = (
				1E8E714124B01C29006380B6 /* XCRemoteSwiftPackageReference "SwiftUI-Introspect" */,
			);
			productRefGroup = 1E8E712924B01BC7006380B6 /* Products */;
			projectDirPath = "";
			projectRoot = "";
			targets = (
				1E8E712724B01BC7006380B6 /* SwiftUI Internals */,
			);
		};
/* End PBXProject section */

/* Begin PBXResourcesBuildPhase section */
		1E8E712624B01BC7006380B6 /* Resources */ = {
			isa = PBXResourcesBuildPhase;
			buildActionMask = 2147483647;
			files = (
				1E8E713824B01BC9006380B6 /* LaunchScreen.storyboard in Resources */,
				1E8E713524B01BC9006380B6 /* Preview Assets.xcassets in Resources */,
				1E8E713224B01BC9006380B6 /* Assets.xcassets in Resources */,
			);
			runOnlyForDeploymentPostprocessing = 0;
		};
/* End PBXResourcesBuildPhase section */

/* Begin PBXSourcesBuildPhase section */
		1E8E712424B01BC7006380B6 /* Sources */ = {
			isa = PBXSourcesBuildPhase;
			buildActionMask = 2147483647;
			files = (
				1E8E714024B01BE9006380B6 /* ListView.swift in Sources */,
				1E8E712C24B01BC7006380B6 /* AppDelegate.swift in Sources */,
				1E8E712E24B01BC7006380B6 /* SceneDelegate.swift in Sources */,
				1E8E713024B01BC7006380B6 /* ContentView.swift in Sources */,
			);
			runOnlyForDeploymentPostprocessing = 0;
		};
/* End PBXSourcesBuildPhase section */

/* Begin PBXVariantGroup section */
		1E8E713624B01BC9006380B6 /* LaunchScreen.storyboard */ = {
			isa = PBXVariantGroup;
			children = (
				1E8E713724B01BC9006380B6 /* Base */,
			);
			name = LaunchScreen.storyboard;
			sourceTree = "<group>";
		};
/* End PBXVariantGroup section */

/* Begin XCBuildConfiguration section */
		1E8E713A24B01BC9006380B6 /* Debug */ = {
			isa = XCBuildConfiguration;
			buildSettings = {
				ALWAYS_SEARCH_USER_PATHS = NO;
				CLANG_ANALYZER_NONNULL = YES;
				CLANG_ANALYZER_NUMBER_OBJECT_CONVERSION = YES_AGGRESSIVE;
				CLANG_CXX_LANGUAGE_STANDARD = "gnu++14";
				CLANG_CXX_LIBRARY = "libc++";
				CLANG_ENABLE_MODULES = YES;
				CLANG_ENABLE_OBJC_ARC = YES;
				CLANG_ENABLE_OBJC_WEAK = YES;
				CLANG_WARN_BLOCK_CAPTURE_AUTORELEASING = YES;
				CLANG_WARN_BOOL_CONVERSION = YES;
				CLANG_WARN_COMMA = YES;
				CLANG_WARN_CONSTANT_CONVERSION = YES;
				CLANG_WARN_DEPRECATED_OBJC_IMPLEMENTATIONS = YES;
				CLANG_WARN_DIRECT_OBJC_ISA_USAGE = YES_ERROR;
				CLANG_WARN_DOCUMENTATION_COMMENTS = YES;
				CLANG_WARN_EMPTY_BODY = YES;
				CLANG_WARN_ENUM_CONVERSION = YES;
				CLANG_WARN_INFINITE_RECURSION = YES;
				CLANG_WARN_INT_CONVERSION = YES;
				CLANG_WARN_NON_LITERAL_NULL_CONVERSION = YES;
				CLANG_WARN_OBJC_IMPLICIT_RETAIN_SELF = YES;
				CLANG_WARN_OBJC_LITERAL_CONVERSION = YES;
				CLANG_WARN_OBJC_ROOT_CLASS = YES_ERROR;
				CLANG_WARN_RANGE_LOOP_ANALYSIS = YES;
				CLANG_WARN_STRICT_PROTOTYPES = YES;
				CLANG_WARN_SUSPICIOUS_MOVE = YES;
				CLANG_WARN_UNGUARDED_AVAILABILITY = YES_AGGRESSIVE;
				CLANG_WARN_UNREACHABLE_CODE = YES;
				CLANG_WARN__DUPLICATE_METHOD_MATCH = YES;
				COPY_PHASE_STRIP = NO;
				DEBUG_INFORMATION_FORMAT = dwarf;
				ENABLE_STRICT_OBJC_MSGSEND = YES;
				ENABLE_TESTABILITY = YES;
				GCC_C_LANGUAGE_STANDARD = gnu11;
				GCC_DYNAMIC_NO_PIC = NO;
				GCC_NO_COMMON_BLOCKS = YES;
				GCC_OPTIMIZATION_LEVEL = 0;
				GCC_PREPROCESSOR_DEFINITIONS = (
					"DEBUG=1",
					"$(inherited)",
				);
				GCC_WARN_64_TO_32_BIT_CONVERSION = YES;
				GCC_WARN_ABOUT_RETURN_TYPE = YES_ERROR;
				GCC_WARN_UNDECLARED_SELECTOR = YES;
				GCC_WARN_UNINITIALIZED_AUTOS = YES_AGGRESSIVE;
				GCC_WARN_UNUSED_FUNCTION = YES;
				GCC_WARN_UNUSED_VARIABLE = YES;
				IPHONEOS_DEPLOYMENT_TARGET = 13.5;
				MTL_ENABLE_DEBUG_INFO = INCLUDE_SOURCE;
				MTL_FAST_MATH = YES;
				ONLY_ACTIVE_ARCH = YES;
				SDKROOT = iphoneos;
				SWIFT_ACTIVE_COMPILATION_CONDITIONS = DEBUG;
				SWIFT_OPTIMIZATION_LEVEL = "-Onone";
			};
			name = Debug;
		};
		1E8E713B24B01BC9006380B6 /* Release */ = {
			isa = XCBuildConfiguration;
			buildSettings = {
				ALWAYS_SEARCH_USER_PATHS = NO;
				CLANG_ANALYZER_NONNULL = YES;
				CLANG_ANALYZER_NUMBER_OBJECT_CONVERSION = YES_AGGRESSIVE;
				CLANG_CXX_LANGUAGE_STANDARD = "gnu++14";
				CLANG_CXX_LIBRARY = "libc++";
				CLANG_ENABLE_MODULES = YES;
				CLANG_ENABLE_OBJC_ARC = YES;
				CLANG_ENABLE_OBJC_WEAK = YES;
				CLANG_WARN_BLOCK_CAPTURE_AUTORELEASING = YES;
				CLANG_WARN_BOOL_CONVERSION = YES;
				CLANG_WARN_COMMA = YES;
				CLANG_WARN_CONSTANT_CONVERSION = YES;
				CLANG_WARN_DEPRECATED_OBJC_IMPLEMENTATIONS = YES;
				CLANG_WARN_DIRECT_OBJC_ISA_USAGE = YES_ERROR;
				CLANG_WARN_DOCUMENTATION_COMMENTS = YES;
				CLANG_WARN_EMPTY_BODY = YES;
				CLANG_WARN_ENUM_CONVERSION = YES;
				CLANG_WARN_INFINITE_RECURSION = YES;
				CLANG_WARN_INT_CONVERSION = YES;
				CLANG_WARN_NON_LITERAL_NULL_CONVERSION = YES;
				CLANG_WARN_OBJC_IMPLICIT_RETAIN_SELF = YES;
				CLANG_WARN_OBJC_LITERAL_CONVERSION = YES;
				CLANG_WARN_OBJC_ROOT_CLASS = YES_ERROR;
				CLANG_WARN_RANGE_LOOP_ANALYSIS = YES;
				CLANG_WARN_STRICT_PROTOTYPES = YES;
				CLANG_WARN_SUSPICIOUS_MOVE = YES;
				CLANG_WARN_UNGUARDED_AVAILABILITY = YES_AGGRESSIVE;
				CLANG_WARN_UNREACHABLE_CODE = YES;
				CLANG_WARN__DUPLICATE_METHOD_MATCH = YES;
				COPY_PHASE_STRIP = NO;
				DEBUG_INFORMATION_FORMAT = "dwarf-with-dsym";
				ENABLE_NS_ASSERTIONS = NO;
				ENABLE_STRICT_OBJC_MSGSEND = YES;
				GCC_C_LANGUAGE_STANDARD = gnu11;
				GCC_NO_COMMON_BLOCKS = YES;
				GCC_WARN_64_TO_32_BIT_CONVERSION = YES;
				GCC_WARN_ABOUT_RETURN_TYPE = YES_ERROR;
				GCC_WARN_UNDECLARED_SELECTOR = YES;
				GCC_WARN_UNINITIALIZED_AUTOS = YES_AGGRESSIVE;
				GCC_WARN_UNUSED_FUNCTION = YES;
				GCC_WARN_UNUSED_VARIABLE = YES;
				IPHONEOS_DEPLOYMENT_TARGET = 13.5;
				MTL_ENABLE_DEBUG_INFO = NO;
				MTL_FAST_MATH = YES;
				SDKROOT = iphoneos;
				SWIFT_COMPILATION_MODE = wholemodule;
				SWIFT_OPTIMIZATION_LEVEL = "-O";
				VALIDATE_PRODUCT = YES;
			};
			name = Release;
		};
		1E8E713D24B01BC9006380B6 /* Debug */ = {
			isa = XCBuildConfiguration;
			buildSettings = {
				ASSETCATALOG_COMPILER_APPICON_NAME = AppIcon;
				CODE_SIGN_STYLE = Automatic;
				DEVELOPMENT_ASSET_PATHS = "\"SwiftUI Internals/Preview Content\"";
				DEVELOPMENT_TEAM = 75H2NCGMKS;
				ENABLE_PREVIEWS = YES;
				INFOPLIST_FILE = "SwiftUI Internals/Info.plist";
				LD_RUNPATH_SEARCH_PATHS = (
					"$(inherited)",
					"@executable_path/Frameworks",
				);
				PRODUCT_BUNDLE_IDENTIFIER = "com.kevinli.SwiftUI-Internals";
				PRODUCT_NAME = "$(TARGET_NAME)";
				SWIFT_VERSION = 5.0;
				TARGETED_DEVICE_FAMILY = "1,2";
			};
			name = Debug;
		};
		1E8E713E24B01BC9006380B6 /* Release */ = {
			isa = XCBuildConfiguration;
			buildSettings = {
				ASSETCATALOG_COMPILER_APPICON_NAME = AppIcon;
				CODE_SIGN_STYLE = Automatic;
				DEVELOPMENT_ASSET_PATHS = "\"SwiftUI Internals/Preview Content\"";
				DEVELOPMENT_TEAM = 75H2NCGMKS;
				ENABLE_PREVIEWS = YES;
				INFOPLIST_FILE = "SwiftUI Internals/Info.plist";
				LD_RUNPATH_SEARCH_PATHS = (
					"$(inherited)",
					"@executable_path/Frameworks",
				);
				PRODUCT_BUNDLE_IDENTIFIER = "com.kevinli.SwiftUI-Internals";
				PRODUCT_NAME = "$(TARGET_NAME)";
				SWIFT_VERSION = 5.0;
				TARGETED_DEVICE_FAMILY = "1,2";
			};
			name = Release;
		};
/* End XCBuildConfiguration section */

/* Begin XCConfigurationList section */
		1E8E712324B01BC7006380B6 /* Build configuration list for PBXProject "SwiftUI Internals" */ = {
			isa = XCConfigurationList;
			buildConfigurations = (
				1E8E713A24B01BC9006380B6 /* Debug */,
				1E8E713B24B01BC9006380B6 /* Release */,
			);
			defaultConfigurationIsVisible = 0;
			defaultConfigurationName = Release;
		};
		1E8E713C24B01BC9006380B6 /* Build configuration list for PBXNativeTarget "SwiftUI Internals" */ = {
			isa = XCConfigurationList;
			buildConfigurations = (
				1E8E713D24B01BC9006380B6 /* Debug */,
				1E8E713E24B01BC9006380B6 /* Release */,
			);
			defaultConfigurationIsVisible = 0;
			defaultConfigurationName = Release;
		};
/* End XCConfigurationList section */

/* Begin XCRemoteSwiftPackageReference section */
		1E8E714124B01C29006380B6 /* XCRemoteSwiftPackageReference "SwiftUI-Introspect" */ = {
			isa = XCRemoteSwiftPackageReference;
			repositoryURL = "https://github.com/siteline/SwiftUI-Introspect";
			requirement = {
				kind = upToNextMajorVersion;
				minimumVersion = 0.1.0;
			};
		};
/* End XCRemoteSwiftPackageReference section */

/* Begin XCSwiftPackageProductDependency section */
		1E8E714224B01C29006380B6 /* Introspect */ = {
			isa = XCSwiftPackageProductDependency;
			package = 1E8E714124B01C29006380B6 /* XCRemoteSwiftPackageReference "SwiftUI-Introspect" */;
			productName = Introspect;
		};
/* End XCSwiftPackageProductDependency section */
	};
	rootObject = 1E8E712024B01BC7006380B6 /* Project object */;
}
